
Microsoft Visual Studio Solution File, Format Version 12.00
# Visual Studio 15
VisualStudioVersion = 15.0.27004.2010
MinimumVisualStudioVersion = 10.0.40219.1
Project("{2150E333-8FDC-42A3-9474-1A3956D46DE8}") = "Engine", "Engine", "{D5D7D5E2-1A3A-4E2E-AD49-56F7B5BC2999}"
EndProject
Project("{2150E333-8FDC-42A3-9474-1A3956D46DE8}") = "Games", "Games", "{74839B67-82B8-4F1E-86BD-C567293D7B0D}"
EndProject
Project("{8BC9CEB8-8B4A-11D0-8D11-00A0C91BC942}") = "UE4", "Intermediate\ProjectFiles\UE4.vcxproj", "{3081191D-4F6F-4E16-922F-C3A98B59C5C9}"
EndProject
Project("{8BC9CEB8-8B4A-11D0-8D11-00A0C91BC942}") = "Hedge", "Intermediate\ProjectFiles\Hedge.vcxproj", "{922C7D69-DEB0-4A2A-AE61-772DAA3DA82C}"
EndProject
Global
	GlobalSection(SolutionConfigurationPlatforms) = preSolution
		DebugGame Editor|HTML5 = DebugGame Editor|HTML5
		DebugGame Editor|Win32 = DebugGame Editor|Win32
		DebugGame Editor|Win64 = DebugGame Editor|Win64
		DebugGame|HTML5 = DebugGame|HTML5
		DebugGame|Win32 = DebugGame|Win32
		DebugGame|Win64 = DebugGame|Win64
		Development Editor|HTML5 = Development Editor|HTML5
		Development Editor|Win32 = Development Editor|Win32
		Development Editor|Win64 = Development Editor|Win64
		Development|HTML5 = Development|HTML5
		Development|Win32 = Development|Win32
		Development|Win64 = Development|Win64
		Shipping|HTML5 = Shipping|HTML5
		Shipping|Win32 = Shipping|Win32
		Shipping|Win64 = Shipping|Win64
	EndGlobalSection
	GlobalSection(ProjectConfigurationPlatforms) = postSolution
		{3081191D-4F6F-4E16-922F-C3A98B59C5C9}.DebugGame Editor|HTML5.ActiveCfg = BuiltWithUnrealBuildTool|Win32
		{3081191D-4F6F-4E16-922F-C3A98B59C5C9}.DebugGame Editor|HTML5.Build.0 = BuiltWithUnrealBuildTool|Win32
		{3081191D-4F6F-4E16-922F-C3A98B59C5C9}.DebugGame Editor|Win32.ActiveCfg = BuiltWithUnrealBuildTool|Win32
		{3081191D-4F6F-4E16-922F-C3A98B59C5C9}.DebugGame Editor|Win32.Build.0 = BuiltWithUnrealBuildTool|Win32
		{3081191D-4F6F-4E16-922F-C3A98B59C5C9}.DebugGame Editor|Win64.ActiveCfg = BuiltWithUnrealBuildTool|Win32
		{3081191D-4F6F-4E16-922F-C3A98B59C5C9}.DebugGame Editor|Win64.Build.0 = BuiltWithUnrealBuildTool|Win32
		{3081191D-4F6F-4E16-922F-C3A98B59C5C9}.DebugGame|HTML5.ActiveCfg = BuiltWithUnrealBuildTool|Win32
		{3081191D-4F6F-4E16-922F-C3A98B59C5C9}.DebugGame|HTML5.Build.0 = BuiltWithUnrealBuildTool|Win32
		{3081191D-4F6F-4E16-922F-C3A98B59C5C9}.DebugGame|Win32.ActiveCfg = BuiltWithUnrealBuildTool|Win32
		{3081191D-4F6F-4E16-922F-C3A98B59C5C9}.DebugGame|Win32.Build.0 = BuiltWithUnrealBuildTool|Win32
		{3081191D-4F6F-4E16-922F-C3A98B59C5C9}.DebugGame|Win64.ActiveCfg = BuiltWithUnrealBuildTool|Win32
		{3081191D-4F6F-4E16-922F-C3A98B59C5C9}.DebugGame|Win64.Build.0 = BuiltWithUnrealBuildTool|Win32
		{3081191D-4F6F-4E16-922F-C3A98B59C5C9}.Development Editor|HTML5.ActiveCfg = BuiltWithUnrealBuildTool|Win32
		{3081191D-4F6F-4E16-922F-C3A98B59C5C9}.Development Editor|HTML5.Build.0 = BuiltWithUnrealBuildTool|Win32
		{3081191D-4F6F-4E16-922F-C3A98B59C5C9}.Development Editor|Win32.ActiveCfg = BuiltWithUnrealBuildTool|Win32
		{3081191D-4F6F-4E16-922F-C3A98B59C5C9}.Development Editor|Win32.Build.0 = BuiltWithUnrealBuildTool|Win32
		{3081191D-4F6F-4E16-922F-C3A98B59C5C9}.Development Editor|Win64.ActiveCfg = BuiltWithUnrealBuildTool|Win32
		{3081191D-4F6F-4E16-922F-C3A98B59C5C9}.Development Editor|Win64.Build.0 = BuiltWithUnrealBuildTool|Win32
		{3081191D-4F6F-4E16-922F-C3A98B59C5C9}.Development|HTML5.ActiveCfg = BuiltWithUnrealBuildTool|Win32
		{3081191D-4F6F-4E16-922F-C3A98B59C5C9}.Development|HTML5.Build.0 = BuiltWithUnrealBuildTool|Win32
		{3081191D-4F6F-4E16-922F-C3A98B59C5C9}.Development|Win32.ActiveCfg = BuiltWithUnrealBuildTool|Win32
		{3081191D-4F6F-4E16-922F-C3A98B59C5C9}.Development|Win32.Build.0 = BuiltWithUnrealBuildTool|Win32
		{3081191D-4F6F-4E16-922F-C3A98B59C5C9}.Development|Win64.ActiveCfg = BuiltWithUnrealBuildTool|Win32
		{3081191D-4F6F-4E16-922F-C3A98B59C5C9}.Development|Win64.Build.0 = BuiltWithUnrealBuildTool|Win32
		{3081191D-4F6F-4E16-922F-C3A98B59C5C9}.Shipping|HTML5.ActiveCfg = BuiltWithUnrealBuildTool|Win32
		{3081191D-4F6F-4E16-922F-C3A98B59C5C9}.Shipping|HTML5.Build.0 = BuiltWithUnrealBuildTool|Win32
		{3081191D-4F6F-4E16-922F-C3A98B59C5C9}.Shipping|Win32.ActiveCfg = BuiltWithUnrealBuildTool|Win32
		{3081191D-4F6F-4E16-922F-C3A98B59C5C9}.Shipping|Win32.Build.0 = BuiltWithUnrealBuildTool|Win32
		{3081191D-4F6F-4E16-922F-C3A98B59C5C9}.Shipping|Win64.ActiveCfg = BuiltWithUnrealBuildTool|Win32
		{3081191D-4F6F-4E16-922F-C3A98B59C5C9}.Shipping|Win64.Build.0 = BuiltWithUnrealBuildTool|Win32
		{922C7D69-DEB0-4A2A-AE61-772DAA3DA82C}.DebugGame Editor|HTML5.ActiveCfg = HTML5_DebugGame_Editor|Win32
		{922C7D69-DEB0-4A2A-AE61-772DAA3DA82C}.DebugGame Editor|Win32.ActiveCfg = DebugGame_Editor|Win32
		{922C7D69-DEB0-4A2A-AE61-772DAA3DA82C}.DebugGame Editor|Win64.ActiveCfg = DebugGame_Editor|x64
		{922C7D69-DEB0-4A2A-AE61-772DAA3DA82C}.DebugGame Editor|Win64.Build.0 = DebugGame_Editor|x64
		{922C7D69-DEB0-4A2A-AE61-772DAA3DA82C}.DebugGame|HTML5.ActiveCfg = HTML5_DebugGame_Game|Win32
		{922C7D69-DEB0-4A2A-AE61-772DAA3DA82C}.DebugGame|HTML5.Build.0 = HTML5_DebugGame_Game|Win32
		{922C7D69-DEB0-4A2A-AE61-772DAA3DA82C}.DebugGame|Win32.ActiveCfg = DebugGame_Game|Win32
		{922C7D69-DEB0-4A2A-AE61-772DAA3DA82C}.DebugGame|Win32.Build.0 = DebugGame_Game|Win32
		{922C7D69-DEB0-4A2A-AE61-772DAA3DA82C}.DebugGame|Win64.ActiveCfg = DebugGame_Game|x64
		{922C7D69-DEB0-4A2A-AE61-772DAA3DA82C}.DebugGame|Win64.Build.0 = DebugGame_Game|x64
		{922C7D69-DEB0-4A2A-AE61-772DAA3DA82C}.Development Editor|HTML5.ActiveCfg = HTML5_Development_Editor|Win32
		{922C7D69-DEB0-4A2A-AE61-772DAA3DA82C}.Development Editor|Win32.ActiveCfg = Development_Editor|Win32
		{922C7D69-DEB0-4A2A-AE61-772DAA3DA82C}.Development Editor|Win64.ActiveCfg = Development_Editor|x64
		{922C7D69-DEB0-4A2A-AE61-772DAA3DA82C}.Development Editor|Win64.Build.0 = Development_Editor|x64
		{922C7D69-DEB0-4A2A-AE61-772DAA3DA82C}.Development|HTML5.ActiveCfg = HTML5_Development_Game|Win32
		{922C7D69-DEB0-4A2A-AE61-772DAA3DA82C}.Development|HTML5.Build.0 = HTML5_Development_Game|Win32
		{922C7D69-DEB0-4A2A-AE61-772DAA3DA82C}.Development|Win32.ActiveCfg = Development_Game|Win32
		{922C7D69-DEB0-4A2A-AE61-772DAA3DA82C}.Development|Win32.Build.0 = Development_Game|Win32
		{922C7D69-DEB0-4A2A-AE61-772DAA3DA82C}.Development|Win64.ActiveCfg = Development_Game|x64
		{922C7D69-DEB0-4A2A-AE61-772DAA3DA82C}.Development|Win64.Build.0 = Development_Game|x64
		{922C7D69-DEB0-4A2A-AE61-772DAA3DA82C}.Shipping|HTML5.ActiveCfg = HTML5_Shipping_Game|Win32
		{922C7D69-DEB0-4A2A-AE61-772DAA3DA82C}.Shipping|HTML5.Build.0 = HTML5_Shipping_Game|Win32
		{922C7D69-DEB0-4A2A-AE61-772DAA3DA82C}.Shipping|Win32.ActiveCfg = Shipping_Game|Win32
		{922C7D69-DEB0-4A2A-AE61-772DAA3DA82C}.Shipping|Win32.Build.0 = Shipping_Game|Win32
		{922C7D69-DEB0-4A2A-AE61-772DAA3DA82C}.Shipping|Win64.ActiveCfg = Shipping_Game|x64
		{922C7D69-DEB0-4A2A-AE61-772DAA3DA82C}.Shipping|Win64.Build.0 = Shipping_Game|x64
	EndGlobalSection
	GlobalSection(SolutionProperties) = preSolution
		HideSolutionNode = FALSE
	EndGlobalSection
	GlobalSection(NestedProjects) = preSolution
		{3081191D-4F6F-4E16-922F-C3A98B59C5C9} = {D5D7D5E2-1A3A-4E2E-AD49-56F7B5BC2999}
		{922C7D69-DEB0-4A2A-AE61-772DAA3DA82C} = {74839B67-82B8-4F1E-86BD-C567293D7B0D}
	EndGlobalSection
	GlobalSection(ExtensibilityGlobals) = postSolution
		SolutionGuid = {8D65CCE3-AE19-4668-8B52-34D82D482ADF}
	EndGlobalSection
EndGlobal
